# generated by rye
# use `rye lock` or `rye sync` to update this lockfile
#
# last locked with the following flags:
#   pre: false
#   features: []
#   all-features: false
#   with-sources: false
#   generate-hashes: false
#   universal: false

-e file:.
iniconfig==2.0.0
    # via pytest
maturin==1.8.2
    # via code2prompt-rs
packaging==24.2
    # via pytest
patchelf==0.17.2.1
    # via code2prompt-rs
pip==25.0.1
    # via code2prompt-rs
pluggy==1.5.0
    # via pytest
pytest==8.3.5
